
Microsoft Visual Studio Solution File, Format Version 12.00
# Visual Studio Version 16
VisualStudioVersion = 16.0.31321.278
MinimumVisualStudioVersion = 10.0.40219.1
Project("{2150E333-8FDC-42A3-9474-1A3956D46DE8}") = "Services", "Services", "{AF41B8F5-E6A8-48AD-B173-78A6855B72B5}"
EndProject
Project("{2150E333-8FDC-42A3-9474-1A3956D46DE8}") = "Catalog", "Catalog", "{41F2FD97-3601-4F7A-BAEE-BCA3F25BC27D}"
EndProject
Project("{9A19103F-16F7-4668-BE54-9A1E7A4F7556}") = "Catalog.API", "Services\Catalog\Catalog.API\Catalog.API.csproj", "{FE4FC7D8-7F10-4150-B2DB-C74AA4253A7E}"
EndProject
Project("{E53339B2-1760-4266-BCC7-CA923CBCF16C}") = "docker-compose", "docker-compose.dcproj", "{14DB95EF-86C7-4E6B-83EE-54F746AEB867}"
EndProject
Project("{2150E333-8FDC-42A3-9474-1A3956D46DE8}") = "Basket", "Basket", "{39257A25-E147-4D4F-9DFB-0CB10763671F}"
EndProject
Project("{9A19103F-16F7-4668-BE54-9A1E7A4F7556}") = "Basket.API", "Services\Basket\Basket.API\Basket.API.csproj", "{E25FDF6F-587F-4959-B59D-324E4013E53D}"
EndProject
Project("{2150E333-8FDC-42A3-9474-1A3956D46DE8}") = "Discount", "Discount", "{6AFDFC6F-3E2E-4758-8E11-32C207127B5A}"
EndProject
Project("{9A19103F-16F7-4668-BE54-9A1E7A4F7556}") = "Discount.API", "Services\Discount\Discount.API\Discount.API.csproj", "{84997C75-91C4-43E5-B345-72AC3533DDC3}"
EndProject
Project("{9A19103F-16F7-4668-BE54-9A1E7A4F7556}") = "Discount.Grpc", "Services\Discount\Discount.Grpc\Discount.Grpc.csproj", "{589191E2-2A7C-4E60-93B1-0A8F4C861417}"
EndProject
Project("{2150E333-8FDC-42A3-9474-1A3956D46DE8}") = "Ordering", "Ordering", "{3790C79E-765B-401B-AE02-8660A37D0991}"
EndProject
Project("{9A19103F-16F7-4668-BE54-9A1E7A4F7556}") = "Ordering.API", "Services\Ordering\Ordering.API\Ordering.API.csproj", "{0F5959AD-6405-44D7-9AC8-23A94A83FC17}"
EndProject
Project("{9A19103F-16F7-4668-BE54-9A1E7A4F7556}") = "Ordering.Domain", "Services\Ordering\Ordering.Domain\Ordering.Domain.csproj", "{7A38EE5E-0B56-48EA-B56A-2193F8FE0F36}"
EndProject
Project("{9A19103F-16F7-4668-BE54-9A1E7A4F7556}") = "Ordering.Application", "Services\Ordering\Ordering.Application\Ordering.Application.csproj", "{0FCFCD57-E8BE-4CF2-8977-9DAC97C29F24}"
EndProject
Project("{9A19103F-16F7-4668-BE54-9A1E7A4F7556}") = "Ordering.Infrastructure", "Services\Ordering\Ordering.Infrastructure\Ordering.Infrastructure.csproj", "{5501B494-F413-4E4B-A90A-CD98C4392A81}"
EndProject
Project("{2150E333-8FDC-42A3-9474-1A3956D46DE8}") = "BuildingBlocks", "BuildingBlocks", "{116C3EF0-F7EB-4351-99A7-C0F045103539}"
EndProject
Project("{9A19103F-16F7-4668-BE54-9A1E7A4F7556}") = "EventBus.Messages", "BuildingBlocks\EventBus.Messages\EventBus.Messages.csproj", "{EA5D0D19-D760-4C32-BB51-9C067AB048B8}"
EndProject
Project("{2150E333-8FDC-42A3-9474-1A3956D46DE8}") = "ApiGateways", "ApiGateways", "{DD5AB634-B7C4-41B0-A887-42F1A1EC1304}"
EndProject
Project("{FAE04EC0-301F-11D3-BF4B-00C04F79EFBC}") = "OcelotApiGw", "ApiGateways\OcelotApiGw\OcelotApiGw.csproj", "{BC7DA7B8-CA98-49E6-8CDD-010F136C4FC8}"
EndProject
Global
	GlobalSection(SolutionConfigurationPlatforms) = preSolution
		Debug|Any CPU = Debug|Any CPU
		Release|Any CPU = Release|Any CPU
	EndGlobalSection
	GlobalSection(ProjectConfigurationPlatforms) = postSolution
		{FE4FC7D8-7F10-4150-B2DB-C74AA4253A7E}.Debug|Any CPU.ActiveCfg = Debug|Any CPU
		{FE4FC7D8-7F10-4150-B2DB-C74AA4253A7E}.Debug|Any CPU.Build.0 = Debug|Any CPU
		{FE4FC7D8-7F10-4150-B2DB-C74AA4253A7E}.Release|Any CPU.ActiveCfg = Release|Any CPU
		{FE4FC7D8-7F10-4150-B2DB-C74AA4253A7E}.Release|Any CPU.Build.0 = Release|Any CPU
		{14DB95EF-86C7-4E6B-83EE-54F746AEB867}.Debug|Any CPU.ActiveCfg = Debug|Any CPU
		{14DB95EF-86C7-4E6B-83EE-54F746AEB867}.Debug|Any CPU.Build.0 = Debug|Any CPU
		{14DB95EF-86C7-4E6B-83EE-54F746AEB867}.Release|Any CPU.ActiveCfg = Release|Any CPU
		{14DB95EF-86C7-4E6B-83EE-54F746AEB867}.Release|Any CPU.Build.0 = Release|Any CPU
		{E25FDF6F-587F-4959-B59D-324E4013E53D}.Debug|Any CPU.ActiveCfg = Debug|Any CPU
		{E25FDF6F-587F-4959-B59D-324E4013E53D}.Debug|Any CPU.Build.0 = Debug|Any CPU
		{E25FDF6F-587F-4959-B59D-324E4013E53D}.Release|Any CPU.ActiveCfg = Release|Any CPU
		{E25FDF6F-587F-4959-B59D-324E4013E53D}.Release|Any CPU.Build.0 = Release|Any CPU
		{84997C75-91C4-43E5-B345-72AC3533DDC3}.Debug|Any CPU.ActiveCfg = Debug|Any CPU
		{84997C75-91C4-43E5-B345-72AC3533DDC3}.Debug|Any CPU.Build.0 = Debug|Any CPU
		{84997C75-91C4-43E5-B345-72AC3533DDC3}.Release|Any CPU.ActiveCfg = Release|Any CPU
		{84997C75-91C4-43E5-B345-72AC3533DDC3}.Release|Any CPU.Build.0 = Release|Any CPU
		{589191E2-2A7C-4E60-93B1-0A8F4C861417}.Debug|Any CPU.ActiveCfg = Debug|Any CPU
		{589191E2-2A7C-4E60-93B1-0A8F4C861417}.Debug|Any CPU.Build.0 = Debug|Any CPU
		{589191E2-2A7C-4E60-93B1-0A8F4C861417}.Release|Any CPU.ActiveCfg = Release|Any CPU
		{589191E2-2A7C-4E60-93B1-0A8F4C861417}.Release|Any CPU.Build.0 = Release|Any CPU
		{0F5959AD-6405-44D7-9AC8-23A94A83FC17}.Debug|Any CPU.ActiveCfg = Debug|Any CPU
		{0F5959AD-6405-44D7-9AC8-23A94A83FC17}.Debug|Any CPU.Build.0 = Debug|Any CPU
		{0F5959AD-6405-44D7-9AC8-23A94A83FC17}.Release|Any CPU.ActiveCfg = Release|Any CPU
		{0F5959AD-6405-44D7-9AC8-23A94A83FC17}.Release|Any CPU.Build.0 = Release|Any CPU
		{7A38EE5E-0B56-48EA-B56A-2193F8FE0F36}.Debug|Any CPU.ActiveCfg = Debug|Any CPU
		{7A38EE5E-0B56-48EA-B56A-2193F8FE0F36}.Debug|Any CPU.Build.0 = Debug|Any CPU
		{7A38EE5E-0B56-48EA-B56A-2193F8FE0F36}.Release|Any CPU.ActiveCfg = Release|Any CPU
		{7A38EE5E-0B56-48EA-B56A-2193F8FE0F36}.Release|Any CPU.Build.0 = Release|Any CPU
		{0FCFCD57-E8BE-4CF2-8977-9DAC97C29F24}.Debug|Any CPU.ActiveCfg = Debug|Any CPU
		{0FCFCD57-E8BE-4CF2-8977-9DAC97C29F24}.Debug|Any CPU.Build.0 = Debug|Any CPU
		{0FCFCD57-E8BE-4CF2-8977-9DAC97C29F24}.Release|Any CPU.ActiveCfg = Release|Any CPU
		{0FCFCD57-E8BE-4CF2-8977-9DAC97C29F24}.Release|Any CPU.Build.0 = Release|Any CPU
		{5501B494-F413-4E4B-A90A-CD98C4392A81}.Debug|Any CPU.ActiveCfg = Debug|Any CPU
		{5501B494-F413-4E4B-A90A-CD98C4392A81}.Debug|Any CPU.Build.0 = Debug|Any CPU
		{5501B494-F413-4E4B-A90A-CD98C4392A81}.Release|Any CPU.ActiveCfg = Release|Any CPU
		{5501B494-F413-4E4B-A90A-CD98C4392A81}.Release|Any CPU.Build.0 = Release|Any CPU
		{EA5D0D19-D760-4C32-BB51-9C067AB048B8}.Debug|Any CPU.ActiveCfg = Debug|Any CPU
		{EA5D0D19-D760-4C32-BB51-9C067AB048B8}.Debug|Any CPU.Build.0 = Debug|Any CPU
		{EA5D0D19-D760-4C32-BB51-9C067AB048B8}.Release|Any CPU.ActiveCfg = Release|Any CPU
		{EA5D0D19-D760-4C32-BB51-9C067AB048B8}.Release|Any CPU.Build.0 = Release|Any CPU
		{BC7DA7B8-CA98-49E6-8CDD-010F136C4FC8}.Debug|Any CPU.ActiveCfg = Debug|Any CPU
		{BC7DA7B8-CA98-49E6-8CDD-010F136C4FC8}.Debug|Any CPU.Build.0 = Debug|Any CPU
		{BC7DA7B8-CA98-49E6-8CDD-010F136C4FC8}.Release|Any CPU.ActiveCfg = Release|Any CPU
		{BC7DA7B8-CA98-49E6-8CDD-010F136C4FC8}.Release|Any CPU.Build.0 = Release|Any CPU
	EndGlobalSection
	GlobalSection(SolutionProperties) = preSolution
		HideSolutionNode = FALSE
	EndGlobalSection
	GlobalSection(NestedProjects) = preSolution
		{41F2FD97-3601-4F7A-BAEE-BCA3F25BC27D} = {AF41B8F5-E6A8-48AD-B173-78A6855B72B5}
		{FE4FC7D8-7F10-4150-B2DB-C74AA4253A7E} = {41F2FD97-3601-4F7A-BAEE-BCA3F25BC27D}
		{39257A25-E147-4D4F-9DFB-0CB10763671F} = {AF41B8F5-E6A8-48AD-B173-78A6855B72B5}
		{E25FDF6F-587F-4959-B59D-324E4013E53D} = {39257A25-E147-4D4F-9DFB-0CB10763671F}
		{6AFDFC6F-3E2E-4758-8E11-32C207127B5A} = {AF41B8F5-E6A8-48AD-B173-78A6855B72B5}
		{84997C75-91C4-43E5-B345-72AC3533DDC3} = {6AFDFC6F-3E2E-4758-8E11-32C207127B5A}
		{589191E2-2A7C-4E60-93B1-0A8F4C861417} = {6AFDFC6F-3E2E-4758-8E11-32C207127B5A}
		{3790C79E-765B-401B-AE02-8660A37D0991} = {AF41B8F5-E6A8-48AD-B173-78A6855B72B5}
		{0F5959AD-6405-44D7-9AC8-23A94A83FC17} = {3790C79E-765B-401B-AE02-8660A37D0991}
		{7A38EE5E-0B56-48EA-B56A-2193F8FE0F36} = {3790C79E-765B-401B-AE02-8660A37D0991}
		{0FCFCD57-E8BE-4CF2-8977-9DAC97C29F24} = {3790C79E-765B-401B-AE02-8660A37D0991}
		{5501B494-F413-4E4B-A90A-CD98C4392A81} = {3790C79E-765B-401B-AE02-8660A37D0991}
		{EA5D0D19-D760-4C32-BB51-9C067AB048B8} = {116C3EF0-F7EB-4351-99A7-C0F045103539}
		{BC7DA7B8-CA98-49E6-8CDD-010F136C4FC8} = {DD5AB634-B7C4-41B0-A887-42F1A1EC1304}
	EndGlobalSection
	GlobalSection(ExtensibilityGlobals) = postSolution
		SolutionGuid = {C877900F-AC41-4F92-B918-BABD6153E303}
	EndGlobalSection
EndGlobal
